{
  "lockfile_version": "1",
  "packages": {
    "python@3.9": {
      "last_modified": "2024-06-12T20:55:33Z",
      "plugin_version": "0.0.3",
      "resolved": "github:NixOS/nixpkgs/a9858885e197f984d92d7fe64e9fff6b2e488d40#python39",
      "source": "devbox-search",
      "version": "3.9.19",
      "systems": {
        "aarch64-darwin": {
          "outputs": [
            {
              "name": "out",
              "path": "/nix/store/qhm39xivqpdcsx2dmrp6mp2xgb72yvs6-python3-3.9.19",
              "default": true
            }
          ],
          "store_path": "/nix/store/qhm39xivqpdcsx2dmrp6mp2xgb72yvs6-python3-3.9.19"
        },
        "aarch64-linux": {
          "outputs": [
            {
              "name": "out",
              "path": "/nix/store/2l6x8qc70m2c9dj98cmgdg0ps0q7dvpq-python3-3.9.19",
              "default": true
            },
            {
              "name": "debug",
              "path": "/nix/store/nqdvr0gvvnsgyr835j2h2mxv3jk35zyv-python3-3.9.19-debug"
            }
          ],
          "store_path": "/nix/store/2l6x8qc70m2c9dj98cmgdg0ps0q7dvpq-python3-3.9.19"
        },
        "x86_64-darwin": {
          "outputs": [
            {
              "name": "out",
              "path": "/nix/store/hxd4zffkh0v0anp509s9fahvrngr5wwq-python3-3.9.19",
              "default": true
            }
          ],
          "store_path": "/nix/store/hxd4zffkh0v0anp509s9fahvrngr5wwq-python3-3.9.19"
        },
        "x86_64-linux": {
          "outputs": [
            {
              "name": "out",
              "path": "/nix/store/b2f58gdpbsagrpa92z4gcsvrjblyqsfp-python3-3.9.19",
              "default": true
            },
            {
              "name": "debug",
              "path": "/nix/store/py955yjmjc5f8ylykd2wyyz5vdr3w1gp-python3-3.9.19-debug"
            }
          ],
          "store_path": "/nix/store/b2f58gdpbsagrpa92z4gcsvrjblyqsfp-python3-3.9.19"
        }
      }
    }
  }
}
